
Microsoft Visual Studio Solution File, Format Version 12.00
# Visual Studio Version 17
VisualStudioVersion = 17.3.32611.2
MinimumVisualStudioVersion = 10.0.40219.1
Project("{FAE04EC0-301F-11D3-BF4B-00C04F79EFBC}") = "JsonTranslator", "JsonTranslator.csproj", "{A670F2E2-E57C-44C1-85AE-4AE05065F440}"
EndProject
Global
	GlobalSection(SolutionConfigurationPlatforms) = preSolution
		Debug|Any CPU = Debug|Any CPU
		Release|Any CPU = Release|Any CPU
	EndGlobalSection
	GlobalSection(ProjectConfigurationPlatforms) = postSolution
		{A670F2E2-E57C-44C1-85AE-4AE05065F440}.Debug|Any CPU.ActiveCfg = Debug|Any CPU
		{A670F2E2-E57C-44C1-85AE-4AE05065F440}.Debug|Any CPU.Build.0 = Debug|Any CPU
		{A670F2E2-E57C-44C1-85AE-4AE05065F440}.Release|Any CPU.ActiveCfg = Release|Any CPU
		{A670F2E2-E57C-44C1-85AE-4AE05065F440}.Release|Any CPU.Build.0 = Release|Any CPU
	EndGlobalSection
	GlobalSection(SolutionProperties) = preSolution
		HideSolutionNode = FALSE
	EndGlobalSection
	GlobalSection(ExtensibilityGlobals) = postSolution
		SolutionGuid = {ACEC6EE4-AFD5-43D9-8D0A-1AC0AB612B23}
	EndGlobalSection
EndGlobal
